// !$*UTF8*$!
{
	archiveVersion = 1;
	classes = {
	};
	objectVersion = 46;
	objects = {

/* Begin PBXFileReference section */
		5BF2EECA1684B4CE00359B96 /* .DS_Store */ = {isa = PBXFileReference; lastKnownFileType = file; path = .DS_Store; sourceTree = "<group>"; };
		5BF2EECB1684B4CE00359B96 /* aclocal.m4 */ = {isa = PBXFileReference; lastKnownFileType = text; path = aclocal.m4; sourceTree = "<group>"; };
		5BF2EECC1684B4CE00359B96 /* autoaux */ = {isa = PBXFileReference; lastKnownFileType = folder; path = autoaux; sourceTree = "<group>"; };
		5BF2EECD1684B4CE00359B96 /* build */ = {isa = PBXFileReference; lastKnownFileType = folder; path = build; sourceTree = "<group>"; };
		5BF2EECE1684B4CE00359B96 /* config.log */ = {isa = PBXFileReference; lastKnownFileType = text; path = config.log; sourceTree = "<group>"; };
		5BF2EECF1684B4CE00359B96 /* config.status */ = {isa = PBXFileReference; lastKnownFileType = text.script.sh; path = config.status; sourceTree = "<group>"; };
		5BF2EED01684B4CE00359B96 /* configure */ = {isa = PBXFileReference; lastKnownFileType = text.script.sh; path = configure; sourceTree = "<group>"; };
		5BF2EED11684B4CE00359B96 /* configure.ac */ = {isa = PBXFileReference; lastKnownFileType = text; path = configure.ac; sourceTree = "<group>"; };
		5BF2EED21684B4CE00359B96 /* COPYING */ = {isa = PBXFileReference; lastKnownFileType = text; path = COPYING; sourceTree = "<group>"; };
		5BF2EED31684B4CE00359B96 /* doc */ = {isa = PBXFileReference; lastKnownFileType = folder; path = doc; sourceTree = "<group>"; };
		5BF2EED41684B4CE00359B96 /* GNUmakefile */ = {isa = PBXFileReference; lastKnownFileType = text; path = GNUmakefile; sourceTree = "<group>"; };
		5BF2EED51684B4CE00359B96 /* GNUmakefile.am */ = {isa = PBXFileReference; lastKnownFileType = text; path = GNUmakefile.am; sourceTree = "<group>"; };
		5BF2EED61684B4CE00359B96 /* GNUmakefile.in */ = {isa = PBXFileReference; lastKnownFileType = text; path = GNUmakefile.in; sourceTree = "<group>"; };
		5BF2EED71684B4CE00359B96 /* include */ = {isa = PBXFileReference; lastKnownFileType = folder; path = include; sourceTree = "<group>"; };
		5BF2EED81684B4CE00359B96 /* INSTALL */ = {isa = PBXFileReference; lastKnownFileType = text; path = INSTALL; sourceTree = "<group>"; };
		5BF2EED91684B4CE00359B96 /* lib */ = {isa = PBXFileReference; lastKnownFileType = folder; path = lib; sourceTree = "<group>"; };
		5BF2EEDA1684B4CE00359B96 /* libmp4v2.la */ = {isa = PBXFileReference; lastKnownFileType = text; path = libmp4v2.la; sourceTree = "<group>"; };
		5BF2EEDB1684B4CE00359B96 /* libplatform */ = {isa = PBXFileReference; lastKnownFileType = folder; path = libplatform; sourceTree = "<group>"; };
		5BF2EEDC1684B4CE00359B96 /* libtool */ = {isa = PBXFileReference; lastKnownFileType = text.script.sh; path = libtool; sourceTree = "<group>"; };
		5BF2EEDD1684B4CE00359B96 /* libutil */ = {isa = PBXFileReference; lastKnownFileType = folder; path = libutil; sourceTree = "<group>"; };
		5BF2EEDE1684B4CE00359B96 /* mp4art */ = {isa = PBXFileReference; lastKnownFileType = text.script.sh; path = mp4art; sourceTree = "<group>"; };
		5BF2EEDF1684B4CE00359B96 /* mp4chaps */ = {isa = PBXFileReference; lastKnownFileType = text.script.sh; path = mp4chaps; sourceTree = "<group>"; };
		5BF2EEE01684B4CE00359B96 /* mp4extract */ = {isa = PBXFileReference; lastKnownFileType = text.script.sh; path = mp4extract; sourceTree = "<group>"; };
		5BF2EEE11684B4CE00359B96 /* mp4file */ = {isa = PBXFileReference; lastKnownFileType = text.script.sh; path = mp4file; sourceTree = "<group>"; };
		5BF2EEE21684B4CE00359B96 /* mp4info */ = {isa = PBXFileReference; lastKnownFileType = text.script.sh; path = mp4info; sourceTree = "<group>"; };
		5BF2EEE31684B4CE00359B96 /* mp4subtitle */ = {isa = PBXFileReference; lastKnownFileType = text.script.sh; path = mp4subtitle; sourceTree = "<group>"; };
		5BF2EEE41684B4CE00359B96 /* mp4tags */ = {isa = PBXFileReference; lastKnownFileType = text.script.sh; path = mp4tags; sourceTree = "<group>"; };
		5BF2EEE51684B4CE00359B96 /* mp4track */ = {isa = PBXFileReference; lastKnownFileType = text.script.sh; path = mp4track; sourceTree = "<group>"; };
		5BF2EEE61684B4CE00359B96 /* mp4trackdump */ = {isa = PBXFileReference; lastKnownFileType = text.script.sh; path = mp4trackdump; sourceTree = "<group>"; };
		5BF2EEE71684B4CE00359B96 /* project */ = {isa = PBXFileReference; lastKnownFileType = folder; path = project; sourceTree = "<group>"; };
		5BF2EEE81684B4CE00359B96 /* README */ = {isa = PBXFileReference; lastKnownFileType = text; path = README; sourceTree = "<group>"; };
		5BF2EEE91684B4CE00359B96 /* src */ = {isa = PBXFileReference; lastKnownFileType = folder; path = src; sourceTree = "<group>"; };
		5BF2EEEA1684B4CE00359B96 /* util */ = {isa = PBXFileReference; lastKnownFileType = folder; path = util; sourceTree = "<group>"; };
		5BF2EEEB1684B4CE00359B96 /* vstudio9.0 */ = {isa = PBXFileReference; lastKnownFileType = folder; path = vstudio9.0; sourceTree = "<group>"; };
/* End PBXFileReference section */

/* Begin PBXGroup section */
		5BF2EEC21684B4CE00359B96 = {
			isa = PBXGroup;
			children = (
				5BF2EECA1684B4CE00359B96 /* .DS_Store */,
				5BF2EECB1684B4CE00359B96 /* aclocal.m4 */,
				5BF2EECC1684B4CE00359B96 /* autoaux */,
				5BF2EECD1684B4CE00359B96 /* build */,
				5BF2EECE1684B4CE00359B96 /* config.log */,
				5BF2EECF1684B4CE00359B96 /* config.status */,
				5BF2EED01684B4CE00359B96 /* configure */,
				5BF2EED11684B4CE00359B96 /* configure.ac */,
				5BF2EED21684B4CE00359B96 /* COPYING */,
				5BF2EED31684B4CE00359B96 /* doc */,
				5BF2EED41684B4CE00359B96 /* GNUmakefile */,
				5BF2EED51684B4CE00359B96 /* GNUmakefile.am */,
				5BF2EED61684B4CE00359B96 /* GNUmakefile.in */,
				5BF2EED71684B4CE00359B96 /* include */,
				5BF2EED81684B4CE00359B96 /* INSTALL */,
				5BF2EED91684B4CE00359B96 /* lib */,
				5BF2EEDA1684B4CE00359B96 /* libmp4v2.la */,
				5BF2EEDB1684B4CE00359B96 /* libplatform */,
				5BF2EEDC1684B4CE00359B96 /* libtool */,
				5BF2EEDD1684B4CE00359B96 /* libutil */,
				5BF2EEDE1684B4CE00359B96 /* mp4art */,
				5BF2EEDF1684B4CE00359B96 /* mp4chaps */,
				5BF2EEE01684B4CE00359B96 /* mp4extract */,
				5BF2EEE11684B4CE00359B96 /* mp4file */,
				5BF2EEE21684B4CE00359B96 /* mp4info */,
				5BF2EEE31684B4CE00359B96 /* mp4subtitle */,
				5BF2EEE41684B4CE00359B96 /* mp4tags */,
				5BF2EEE51684B4CE00359B96 /* mp4track */,
				5BF2EEE61684B4CE00359B96 /* mp4trackdump */,
				5BF2EEE71684B4CE00359B96 /* project */,
				5BF2EEE81684B4CE00359B96 /* README */,
				5BF2EEE91684B4CE00359B96 /* src */,
				5BF2EEEA1684B4CE00359B96 /* util */,
				5BF2EEEB1684B4CE00359B96 /* vstudio9.0 */,
			);
			sourceTree = "<group>";
		};
/* End PBXGroup section */

/* Begin PBXLegacyTarget section */
		5BF2EEC91684B4CE00359B96 /* mp4v2-2.0.0 */ = {
			isa = PBXLegacyTarget;
			buildArgumentsString = "$(ACTION)";
			buildConfigurationList = 5BF2EEEC1684B4CE00359B96 /* Build configuration list for PBXLegacyTarget "mp4v2-2.0.0" */;
			buildPhases = (
			);
			buildToolPath = /usr/bin/make;
			buildWorkingDirectory = "/Users/dac149/Desktop/MP4Reader/mp4v2-2.0.0";
			dependencies = (
			);
			name = "mp4v2-2.0.0";
			passBuildSettingsInEnvironment = 1;
			productName = "mp4v2-2.0.0";
		};
/* End PBXLegacyTarget section */

/* Begin PBXProject section */
		5BF2EEC41684B4CE00359B96 /* Project object */ = {
			isa = PBXProject;
			buildConfigurationList = 5BF2EEC71684B4CE00359B96 /* Build configuration list for PBXProject "mp4v2-2.0.0" */;
			compatibilityVersion = "Xcode 3.2";
			developmentRegion = English;
			hasScannedForEncodings = 0;
			knownRegions = (
				en,
			);
			mainGroup = 5BF2EEC21684B4CE00359B96;
			projectDirPath = "";
			projectRoot = "";
			targets = (
				5BF2EEC91684B4CE00359B96 /* mp4v2-2.0.0 */,
			);
		};
/* End PBXProject section */

/* Begin XCBuildConfiguration section */
		5BF2EEC51684B4CE00359B96 /* Debug */ = {
			isa = XCBuildConfiguration;
			buildSettings = {
				ARCHS = "$(ARCHS_STANDARD_32_BIT)";
				COPY_PHASE_STRIP = NO;
				GCC_WARN_ABOUT_RETURN_TYPE = YES;
				GCC_WARN_UNUSED_VARIABLE = YES;
				ONLY_ACTIVE_ARCH = YES;
				SDKROOT = macosx10.6;
			};
			name = Debug;
		};
		5BF2EEC61684B4CE00359B96 /* Release */ = {
			isa = XCBuildConfiguration;
			buildSettings = {
				ARCHS = "$(ARCHS_STANDARD_32_BIT)";
				COPY_PHASE_STRIP = YES;
				GCC_WARN_ABOUT_RETURN_TYPE = YES;
				GCC_WARN_UNUSED_VARIABLE = YES;
				SDKROOT = macosx10.6;
			};
			name = Release;
		};
		5BF2EEED1684B4CE00359B96 /* Debug */ = {
			isa = XCBuildConfiguration;
			buildSettings = {
				COPY_PHASE_STRIP = NO;
				DEBUGGING_SYMBOLS = YES;
				GCC_DYNAMIC_NO_PIC = NO;
				GCC_ENABLE_FIX_AND_CONTINUE = YES;
				GCC_GENERATE_DEBUGGING_SYMBOLS = YES;
				GCC_OPTIMIZATION_LEVEL = 0;
				OTHER_CFLAGS = "";
				OTHER_LDFLAGS = "";
				PRODUCT_NAME = "mp4v2-2.0.0";
			};
			name = Debug;
		};
		5BF2EEEE1684B4CE00359B96 /* Release */ = {
			isa = XCBuildConfiguration;
			buildSettings = {
				COPY_PHASE_STRIP = YES;
				DEBUG_INFORMATION_FORMAT = "dwarf-with-dsym";
				GCC_ENABLE_FIX_AND_CONTINUE = NO;
				OTHER_CFLAGS = "";
				OTHER_LDFLAGS = "";
				PRODUCT_NAME = "mp4v2-2.0.0";
			};
			name = Release;
		};
/* End XCBuildConfiguration section */

/* Begin XCConfigurationList section */
		5BF2EEC71684B4CE00359B96 /* Build configuration list for PBXProject "mp4v2-2.0.0" */ = {
			isa = XCConfigurationList;
			buildConfigurations = (
				5BF2EEC51684B4CE00359B96 /* Debug */,
				5BF2EEC61684B4CE00359B96 /* Release */,
			);
			defaultConfigurationIsVisible = 0;
			defaultConfigurationName = Release;
		};
		5BF2EEEC1684B4CE00359B96 /* Build configuration list for PBXLegacyTarget "mp4v2-2.0.0" */ = {
			isa = XCConfigurationList;
			buildConfigurations = (
				5BF2EEED1684B4CE00359B96 /* Debug */,
				5BF2EEEE1684B4CE00359B96 /* Release */,
			);
			defaultConfigurationIsVisible = 0;
			defaultConfigurationName = Release;
		};
/* End XCConfigurationList section */
	};
	rootObject = 5BF2EEC41684B4CE00359B96 /* Project object */;
}
