
Microsoft Visual Studio Solution File, Format Version 12.00
# Visual Studio 15
VisualStudioVersion = 15.0.27703.2042
MinimumVisualStudioVersion = 10.0.40219.1
Project("{8BC9CEB8-8B4A-11D0-8D11-00A0C91BC942}") = "libmp4v2", "libmp4v2\libmp4v2.vcxproj", "{BDB97A37-90B8-4906-BCAB-663D983E33E3}"
EndProject
Project("{2150E333-8FDC-42A3-9474-1A3956D46DE8}") = "Solution Items", "Solution Items", "{8CFB976B-46AA-46CA-80D4-74867649B4DB}"
	ProjectSection(SolutionItems) = preProject
		..\.gitignore = ..\.gitignore
		mp4v2.autopkg = mp4v2.autopkg
		..\README = ..\README
	EndProjectSection
EndProject
Global
	GlobalSection(SolutionConfigurationPlatforms) = preSolution
		Debug|Win32 = Debug|Win32
		Debug|x64 = Debug|x64
		Release|Win32 = Release|Win32
		Release|x64 = Release|x64
	EndGlobalSection
	GlobalSection(ProjectConfigurationPlatforms) = postSolution
		{BDB97A37-90B8-4906-BCAB-663D983E33E3}.Debug|Win32.ActiveCfg = Debug|Win32
		{BDB97A37-90B8-4906-BCAB-663D983E33E3}.Debug|Win32.Build.0 = Debug|Win32
		{BDB97A37-90B8-4906-BCAB-663D983E33E3}.Debug|x64.ActiveCfg = Debug|x64
		{BDB97A37-90B8-4906-BCAB-663D983E33E3}.Debug|x64.Build.0 = Debug|x64
		{BDB97A37-90B8-4906-BCAB-663D983E33E3}.Release|Win32.ActiveCfg = Release|Win32
		{BDB97A37-90B8-4906-BCAB-663D983E33E3}.Release|Win32.Build.0 = Release|Win32
		{BDB97A37-90B8-4906-BCAB-663D983E33E3}.Release|x64.ActiveCfg = Release|x64
		{BDB97A37-90B8-4906-BCAB-663D983E33E3}.Release|x64.Build.0 = Release|x64
	EndGlobalSection
	GlobalSection(SolutionProperties) = preSolution
		HideSolutionNode = FALSE
	EndGlobalSection
	GlobalSection(ExtensibilityGlobals) = postSolution
		SolutionGuid = {70A7D596-C79E-4049-847A-3296D29DFA85}
	EndGlobalSection
EndGlobal
